
Microsoft Visual Studio Solution File, Format Version 12.00
# Visual Studio Version 16
VisualStudioVersion = 16.0.31624.102
MinimumVisualStudioVersion = 10.0.40219.1
Project("{FAE04EC0-301F-11D3-BF4B-00C04F79EFBC}") = "Scheduling_System", "Scheduling_System\Scheduling_System.csproj", "{39FF0EE4-E918-416E-85AA-731E5755F9F8}"
EndProject
Global
	GlobalSection(SolutionConfigurationPlatforms) = preSolution
		Debug|Any CPU = Debug|Any CPU
		Release|Any CPU = Release|Any CPU
	EndGlobalSection
	GlobalSection(ProjectConfigurationPlatforms) = postSolution
		{39FF0EE4-E918-416E-85AA-731E5755F9F8}.Debug|Any CPU.ActiveCfg = Debug|Any CPU
		{39FF0EE4-E918-416E-85AA-731E5755F9F8}.Debug|Any CPU.Build.0 = Debug|Any CPU
		{39FF0EE4-E918-416E-85AA-731E5755F9F8}.Release|Any CPU.ActiveCfg = Release|Any CPU
		{39FF0EE4-E918-416E-85AA-731E5755F9F8}.Release|Any CPU.Build.0 = Release|Any CPU
	EndGlobalSection
	GlobalSection(SolutionProperties) = preSolution
		HideSolutionNode = FALSE
	EndGlobalSection
	GlobalSection(ExtensibilityGlobals) = postSolution
		SolutionGuid = {A84A7E98-F004-4F32-870B-EC8FBB20EFFA}
	EndGlobalSection
EndGlobal
